<?xml version="1.0" encoding="utf-8"?>
<Project ToolsVersion="4.0" xmlns="http://schemas.microsoft.com/developer/msbuild/2003">
  <ItemGroup>
    <Filter Include="Source Files">
      <UniqueIdentifier>{4FC737F1-C7A5-4376-A066-2A32D752A2FF}</UniqueIdentifier>
      <Extensions>cpp;c;cc;cxx;c++;cppm;ixx;def;odl;idl;hpj;bat;asm;asmx</Extensions>
    </Filter>
    <Filter Include="imgui">
      <UniqueIdentifier>{868dd897-426f-411f-8dbb-b12c0de4d539}</UniqueIdentifier>
    </Filter>
    <Filter Include="globals">
      <UniqueIdentifier>{116d8cb9-4198-4bcf-a197-3d8e2cbb45a9}</UniqueIdentifier>
    </Filter>
    <Filter Include="common">
      <UniqueIdentifier>{cd0e2f8f-0a7e-415b-80ea-9caea4e6302f}</UniqueIdentifier>
    </Filter>
    <Filter Include="GUI">
      <UniqueIdentifier>{c90178cc-8a41-4263-875a-e01a75beed87}</UniqueIdentifier>
    </Filter>
    <Filter Include="BT">
      <UniqueIdentifier>{9b56b1ce-d40c-4475-90a9-0a481ae98a36}</UniqueIdentifier>
    </Filter>
    <Filter Include="imgui\implot">
      <UniqueIdentifier>{b7faf747-14d6-4ecf-8051-f513d311fe5f}</UniqueIdentifier>
    </Filter>
  </ItemGroup>
  <ItemGroup>
    <ClCompile Include="common.cpp">
      <Filter>common</Filter>
    </ClCompile>
    <ClCompile Include="gui.cpp">
      <Filter>GUI</Filter>
    </ClCompile>
    <ClCompile Include="main.cpp">
      <Filter>Source Files</Filter>
    </ClCompile>
    <ClCompile Include="BT.cpp">
      <Filter>BT</Filter>
    </ClCompile>
    <ClCompile Include="imgui\implot\implot.cpp">
      <Filter>imgui\implot</Filter>
    </ClCompile>
    <ClCompile Include="imgui\implot\implot_demo.cpp">
      <Filter>imgui\implot</Filter>
    </ClCompile>
    <ClCompile Include="imgui\implot\implot_items.cpp">
      <Filter>imgui\implot</Filter>
    </ClCompile>
    <ClCompile Include="imgui\imgui.cpp">
      <Filter>imgui</Filter>
    </ClCompile>
    <ClCompile Include="imgui\imgui_demo.cpp">
      <Filter>imgui</Filter>
    </ClCompile>
    <ClCompile Include="imgui\imgui_draw.cpp">
      <Filter>imgui</Filter>
    </ClCompile>
    <ClCompile Include="imgui\imgui_impl_dx9.cpp">
      <Filter>imgui</Filter>
    </ClCompile>
    <ClCompile Include="imgui\imgui_impl_win32.cpp">
      <Filter>imgui</Filter>
    </ClCompile>
    <ClCompile Include="imgui\imgui_tables.cpp">
      <Filter>imgui</Filter>
    </ClCompile>
    <ClCompile Include="imgui\imgui_widgets.cpp">
      <Filter>imgui</Filter>
    </ClCompile>
  </ItemGroup>
  <ItemGroup>
    <ClInclude Include="globals.h">
      <Filter>globals</Filter>
    </ClInclude>
    <ClInclude Include="common.h">
      <Filter>common</Filter>
    </ClInclude>
    <ClInclude Include="gui.h">
      <Filter>GUI</Filter>
    </ClInclude>
    <ClInclude Include="BT.h">
      <Filter>BT</Filter>
    </ClInclude>
    <ClInclude Include="imgui\implot\implot.h">
      <Filter>imgui\implot</Filter>
    </ClInclude>
    <ClInclude Include="imgui\implot\implot_internal.h">
      <Filter>imgui\implot</Filter>
    </ClInclude>
    <ClInclude Include="imgui\imconfig.h">
      <Filter>imgui</Filter>
    </ClInclude>
    <ClInclude Include="imgui\imgui.h">
      <Filter>imgui</Filter>
    </ClInclude>
    <ClInclude Include="imgui\imgui_impl_dx9.h">
      <Filter>imgui</Filter>
    </ClInclude>
    <ClInclude Include="imgui\imgui_impl_win32.h">
      <Filter>imgui</Filter>
    </ClInclude>
    <ClInclude Include="imgui\imgui_internal.h">
      <Filter>imgui</Filter>
    </ClInclude>
    <ClInclude Include="imgui\imstb_rectpack.h">
      <Filter>imgui</Filter>
    </ClInclude>
    <ClInclude Include="imgui\imstb_textedit.h">
      <Filter>imgui</Filter>
    </ClInclude>
    <ClInclude Include="imgui\imstb_truetype.h">
      <Filter>imgui</Filter>
    </ClInclude>
    <ClInclude Include="Direct3D\Include\audiodefs.h" />
    <ClInclude Include="Direct3D\Include\comdecl.h" />
    <ClInclude Include="Direct3D\Include\D2D1.h" />
    <ClInclude Include="Direct3D\Include\D2D1Helper.h" />
    <ClInclude Include="Direct3D\Include\D2DBaseTypes.h" />
    <ClInclude Include="Direct3D\Include\D2Derr.h" />
    <ClInclude Include="Direct3D\Include\d3d9.h" />
    <ClInclude Include="Direct3D\Include\d3d9caps.h" />
    <ClInclude Include="Direct3D\Include\d3d9types.h" />
    <ClInclude Include="Direct3D\Include\D3D10.h" />
    <ClInclude Include="Direct3D\Include\D3D10_1.h" />
    <ClInclude Include="Direct3D\Include\D3D10_1shader.h" />
    <ClInclude Include="Direct3D\Include\D3D10effect.h" />
    <ClInclude Include="Direct3D\Include\d3d10misc.h" />
    <ClInclude Include="Direct3D\Include\d3d10sdklayers.h" />
    <ClInclude Include="Direct3D\Include\D3D10shader.h" />
    <ClInclude Include="Direct3D\Include\D3D11.h" />
    <ClInclude Include="Direct3D\Include\D3D11SDKLayers.h" />
    <ClInclude Include="Direct3D\Include\D3D11Shader.h" />
    <ClInclude Include="Direct3D\Include\D3Dcommon.h" />
    <ClInclude Include="Direct3D\Include\D3Dcompiler.h" />
    <ClInclude Include="Direct3D\Include\D3DCSX.h" />
    <ClInclude Include="Direct3D\Include\d3dx9.h" />
    <ClInclude Include="Direct3D\Include\d3dx9anim.h" />
    <ClInclude Include="Direct3D\Include\d3dx9core.h" />
    <ClInclude Include="Direct3D\Include\d3dx9effect.h" />
    <ClInclude Include="Direct3D\Include\d3dx9math.h" />
    <ClInclude Include="Direct3D\Include\d3dx9mesh.h" />
    <ClInclude Include="Direct3D\Include\d3dx9shader.h" />
    <ClInclude Include="Direct3D\Include\d3dx9shape.h" />
    <ClInclude Include="Direct3D\Include\d3dx9tex.h" />
    <ClInclude Include="Direct3D\Include\d3dx9xof.h" />
    <ClInclude Include="Direct3D\Include\D3DX10.h" />
    <ClInclude Include="Direct3D\Include\d3dx10async.h" />
    <ClInclude Include="Direct3D\Include\D3DX10core.h" />
    <ClInclude Include="Direct3D\Include\D3DX10math.h" />
    <ClInclude Include="Direct3D\Include\D3DX10mesh.h" />
    <ClInclude Include="Direct3D\Include\D3DX10tex.h" />
    <ClInclude Include="Direct3D\Include\D3DX11.h" />
    <ClInclude Include="Direct3D\Include\D3DX11async.h" />
    <ClInclude Include="Direct3D\Include\D3DX11core.h" />
    <ClInclude Include="Direct3D\Include\D3DX11tex.h" />
    <ClInclude Include="Direct3D\Include\Dcommon.h" />
    <ClInclude Include="Direct3D\Include\dinput.h" />
    <ClInclude Include="Direct3D\Include\dinputd.h" />
    <ClInclude Include="Direct3D\Include\dsconf.h" />
    <ClInclude Include="Direct3D\Include\dsetup.h" />
    <ClInclude Include="Direct3D\Include\dsound.h" />
    <ClInclude Include="Direct3D\Include\DWrite.h" />
    <ClInclude Include="Direct3D\Include\dxdiag.h" />
    <ClInclude Include="Direct3D\Include\DxErr.h" />
    <ClInclude Include="Direct3D\Include\dxfile.h" />
    <ClInclude Include="Direct3D\Include\DXGI.h" />
    <ClInclude Include="Direct3D\Include\DXGIFormat.h" />
    <ClInclude Include="Direct3D\Include\DXGIType.h" />
    <ClInclude Include="Direct3D\Include\dxsdkver.h" />
    <ClInclude Include="Direct3D\Include\gameux.h" />
    <ClInclude Include="Direct3D\Include\PIXPlugin.h" />
    <ClInclude Include="Direct3D\Include\rmxfguid.h" />
    <ClInclude Include="Direct3D\Include\rmxftmpl.h" />
    <ClInclude Include="Direct3D\Include\rpcsal.h" />
    <ClInclude Include="Direct3D\Include\X3DAudio.h" />
    <ClInclude Include="Direct3D\Include\xact3.h" />
    <ClInclude Include="Direct3D\Include\xact3d3.h" />
    <ClInclude Include="Direct3D\Include\xact3wb.h" />
    <ClInclude Include="Direct3D\Include\XAPO.h" />
    <ClInclude Include="Direct3D\Include\XAPOBase.h" />
    <ClInclude Include="Direct3D\Include\XAPOFX.h" />
    <ClInclude Include="Direct3D\Include\XAudio2.h" />
    <ClInclude Include="Direct3D\Include\XAudio2fx.h" />
    <ClInclude Include="Direct3D\Include\XDSP.h" />
    <ClInclude Include="Direct3D\Include\XInput.h" />
    <ClInclude Include="Direct3D\Include\xma2defs.h" />
    <ClInclude Include="Direct3D\Include\xnamath.h" />
  </ItemGroup>
  <ItemGroup>
    <None Include="Direct3D\Include\D3DX_DXGIFormatConvert.inl" />
    <None Include="Direct3D\Include\d3dx9math.inl" />
    <None Include="Direct3D\Include\D3DX10math.inl" />
    <None Include="Direct3D\Include\xnamathconvert.inl" />
    <None Include="Direct3D\Include\xnamathmatrix.inl" />
    <None Include="Direct3D\Include\xnamathmisc.inl" />
    <None Include="Direct3D\Include\xnamathvector.inl" />
  </ItemGroup>
</Project>